
Microsoft Visual Studio Solution File, Format Version 12.00
# Visual Studio 15
VisualStudioVersion = 15.0.27703.2026
MinimumVisualStudioVersion = 10.0.40219.1
Project("{9A19103F-16F7-4668-BE54-9A1E7A4F7556}") = "Tapeti.Annotations", "Tapeti.Annotations\Tapeti.Annotations.csproj", "{4B742AB2-59DD-4792-8E0F-D80B5366B844}"
EndProject
Project("{9A19103F-16F7-4668-BE54-9A1E7A4F7556}") = "Tapeti", "Tapeti\Tapeti.csproj", "{2952B141-C54D-4E6F-8108-CAD735B0279F}"
EndProject
Project("{9A19103F-16F7-4668-BE54-9A1E7A4F7556}") = "Tapeti.DataAnnotations", "Tapeti.DataAnnotations\Tapeti.DataAnnotations.csproj", "{6504D430-AB4A-4DE3-AE76-0384591BEEE7}"
EndProject
Project("{9A19103F-16F7-4668-BE54-9A1E7A4F7556}") = "Tapeti.Flow", "Tapeti.Flow\Tapeti.Flow.csproj", "{14CF8F01-570B-4B84-AB4A-E0C3EC117F89}"
EndProject
Project("{9A19103F-16F7-4668-BE54-9A1E7A4F7556}") = "Tapeti.Flow.SQL", "Tapeti.Flow.SQL\Tapeti.Flow.SQL.csproj", "{775CAB72-F443-442E-8E10-313B2548EDF8}"
EndProject
Project("{9A19103F-16F7-4668-BE54-9A1E7A4F7556}") = "Tapeti.SimpleInjector", "Tapeti.SimpleInjector\Tapeti.SimpleInjector.csproj", "{A190C736-E95A-4BDA-AA80-6211226DFCAD}"
EndProject
Project("{9A19103F-16F7-4668-BE54-9A1E7A4F7556}") = "Test", "Test\Test.csproj", "{1A4B7136-B7DF-41EA-BEA2-E87B4607D420}"
EndProject
Project("{9A19103F-16F7-4668-BE54-9A1E7A4F7556}") = "Tapeti.Tests", "Tapeti.Tests\Tapeti.Tests.csproj", "{334F3715-63CF-4D13-B09A-38E2A616D4F5}"
EndProject
Project("{9A19103F-16F7-4668-BE54-9A1E7A4F7556}") = "Tapeti.Serilog", "Tapeti.Serilog\Tapeti.Serilog.csproj", "{43AA5DF3-49D5-4795-A290-D6511502B564}"
EndProject
Project("{9A19103F-16F7-4668-BE54-9A1E7A4F7556}") = "Tapeti.Transient", "Tapeti.Transient\Tapeti.Transient.csproj", "{A6355E63-19AB-47EA-91FA-49B5E9B41F88}"
EndProject
Project("{9A19103F-16F7-4668-BE54-9A1E7A4F7556}") = "Tapeti.DataAnnotations.Extensions", "Tapeti.DataAnnotations.Extensions\Tapeti.DataAnnotations.Extensions.csproj", "{1AAA5A2C-EAA8-4C49-96A6-673EA1EEE831}"
EndProject
Project("{2150E333-8FDC-42A3-9474-1A3956D46DE8}") = "Examples", "Examples", "{266B9B94-A4D2-41C2-860C-24A7C3B63B56}"
EndProject
Project("{FAE04EC0-301F-11D3-BF4B-00C04F79EFBC}") = "01-PublishSubscribe", "Examples\01-PublishSubscribe\01-PublishSubscribe.csproj", "{8350A0AB-F0EE-48CF-9CA6-6019467101CF}"
EndProject
Project("{FAE04EC0-301F-11D3-BF4B-00C04F79EFBC}") = "ExampleLib", "ExampleHelper.cs\ExampleLib.csproj", "{F3B38753-06B4-4932-84B4-A07692AD802D}"
EndProject
Project("{FAE04EC0-301F-11D3-BF4B-00C04F79EFBC}") = "Messaging.TapetiExample", "Messaging.TapetiExample\Messaging.TapetiExample.csproj", "{D24120D4-50A2-44B6-A4EA-6ADAAEBABA84}"
EndProject
Project("{FAE04EC0-301F-11D3-BF4B-00C04F79EFBC}") = "02-DeclareDurableQueues", "02-DeclareDurableQueues\02-DeclareDurableQueues.csproj", "{85511282-EF91-4B56-B7DC-9E8706556D6E}"
EndProject
Project("{FAE04EC0-301F-11D3-BF4B-00C04F79EFBC}") = "03-FlowRequestResponse", "03-FlowRequestResponse\03-FlowRequestResponse.csproj", "{463A12CE-E221-450D-ADEA-91A599612DFA}"
EndProject
Global
	GlobalSection(SolutionConfigurationPlatforms) = preSolution
		Debug|Any CPU = Debug|Any CPU
		Release|Any CPU = Release|Any CPU
	EndGlobalSection
	GlobalSection(ProjectConfigurationPlatforms) = postSolution
		{4B742AB2-59DD-4792-8E0F-D80B5366B844}.Debug|Any CPU.ActiveCfg = Debug|Any CPU
		{4B742AB2-59DD-4792-8E0F-D80B5366B844}.Debug|Any CPU.Build.0 = Debug|Any CPU
		{4B742AB2-59DD-4792-8E0F-D80B5366B844}.Release|Any CPU.ActiveCfg = Release|Any CPU
		{4B742AB2-59DD-4792-8E0F-D80B5366B844}.Release|Any CPU.Build.0 = Release|Any CPU
		{2952B141-C54D-4E6F-8108-CAD735B0279F}.Debug|Any CPU.ActiveCfg = Debug|Any CPU
		{2952B141-C54D-4E6F-8108-CAD735B0279F}.Debug|Any CPU.Build.0 = Debug|Any CPU
		{2952B141-C54D-4E6F-8108-CAD735B0279F}.Release|Any CPU.ActiveCfg = Release|Any CPU
		{2952B141-C54D-4E6F-8108-CAD735B0279F}.Release|Any CPU.Build.0 = Release|Any CPU
		{6504D430-AB4A-4DE3-AE76-0384591BEEE7}.Debug|Any CPU.ActiveCfg = Debug|Any CPU
		{6504D430-AB4A-4DE3-AE76-0384591BEEE7}.Debug|Any CPU.Build.0 = Debug|Any CPU
		{6504D430-AB4A-4DE3-AE76-0384591BEEE7}.Release|Any CPU.ActiveCfg = Release|Any CPU
		{6504D430-AB4A-4DE3-AE76-0384591BEEE7}.Release|Any CPU.Build.0 = Release|Any CPU
		{14CF8F01-570B-4B84-AB4A-E0C3EC117F89}.Debug|Any CPU.ActiveCfg = Debug|Any CPU
		{14CF8F01-570B-4B84-AB4A-E0C3EC117F89}.Debug|Any CPU.Build.0 = Debug|Any CPU
		{14CF8F01-570B-4B84-AB4A-E0C3EC117F89}.Release|Any CPU.ActiveCfg = Release|Any CPU
		{14CF8F01-570B-4B84-AB4A-E0C3EC117F89}.Release|Any CPU.Build.0 = Release|Any CPU
		{775CAB72-F443-442E-8E10-313B2548EDF8}.Debug|Any CPU.ActiveCfg = Debug|Any CPU
		{775CAB72-F443-442E-8E10-313B2548EDF8}.Debug|Any CPU.Build.0 = Debug|Any CPU
		{775CAB72-F443-442E-8E10-313B2548EDF8}.Release|Any CPU.ActiveCfg = Release|Any CPU
		{775CAB72-F443-442E-8E10-313B2548EDF8}.Release|Any CPU.Build.0 = Release|Any CPU
		{A190C736-E95A-4BDA-AA80-6211226DFCAD}.Debug|Any CPU.ActiveCfg = Debug|Any CPU
		{A190C736-E95A-4BDA-AA80-6211226DFCAD}.Debug|Any CPU.Build.0 = Debug|Any CPU
		{A190C736-E95A-4BDA-AA80-6211226DFCAD}.Release|Any CPU.ActiveCfg = Release|Any CPU
		{A190C736-E95A-4BDA-AA80-6211226DFCAD}.Release|Any CPU.Build.0 = Release|Any CPU
		{1A4B7136-B7DF-41EA-BEA2-E87B4607D420}.Debug|Any CPU.ActiveCfg = Debug|Any CPU
		{1A4B7136-B7DF-41EA-BEA2-E87B4607D420}.Debug|Any CPU.Build.0 = Debug|Any CPU
		{1A4B7136-B7DF-41EA-BEA2-E87B4607D420}.Release|Any CPU.ActiveCfg = Release|Any CPU
		{1A4B7136-B7DF-41EA-BEA2-E87B4607D420}.Release|Any CPU.Build.0 = Release|Any CPU
		{334F3715-63CF-4D13-B09A-38E2A616D4F5}.Debug|Any CPU.ActiveCfg = Debug|Any CPU
		{334F3715-63CF-4D13-B09A-38E2A616D4F5}.Debug|Any CPU.Build.0 = Debug|Any CPU
		{334F3715-63CF-4D13-B09A-38E2A616D4F5}.Release|Any CPU.ActiveCfg = Release|Any CPU
		{334F3715-63CF-4D13-B09A-38E2A616D4F5}.Release|Any CPU.Build.0 = Release|Any CPU
		{43AA5DF3-49D5-4795-A290-D6511502B564}.Debug|Any CPU.ActiveCfg = Debug|Any CPU
		{43AA5DF3-49D5-4795-A290-D6511502B564}.Debug|Any CPU.Build.0 = Debug|Any CPU
		{43AA5DF3-49D5-4795-A290-D6511502B564}.Release|Any CPU.ActiveCfg = Release|Any CPU
		{43AA5DF3-49D5-4795-A290-D6511502B564}.Release|Any CPU.Build.0 = Release|Any CPU
		{A6355E63-19AB-47EA-91FA-49B5E9B41F88}.Debug|Any CPU.ActiveCfg = Debug|Any CPU
		{A6355E63-19AB-47EA-91FA-49B5E9B41F88}.Debug|Any CPU.Build.0 = Debug|Any CPU
		{A6355E63-19AB-47EA-91FA-49B5E9B41F88}.Release|Any CPU.ActiveCfg = Release|Any CPU
		{A6355E63-19AB-47EA-91FA-49B5E9B41F88}.Release|Any CPU.Build.0 = Release|Any CPU
		{1AAA5A2C-EAA8-4C49-96A6-673EA1EEE831}.Debug|Any CPU.ActiveCfg = Debug|Any CPU
		{1AAA5A2C-EAA8-4C49-96A6-673EA1EEE831}.Debug|Any CPU.Build.0 = Debug|Any CPU
		{1AAA5A2C-EAA8-4C49-96A6-673EA1EEE831}.Release|Any CPU.ActiveCfg = Release|Any CPU
		{1AAA5A2C-EAA8-4C49-96A6-673EA1EEE831}.Release|Any CPU.Build.0 = Release|Any CPU
		{8350A0AB-F0EE-48CF-9CA6-6019467101CF}.Debug|Any CPU.ActiveCfg = Debug|Any CPU
		{8350A0AB-F0EE-48CF-9CA6-6019467101CF}.Debug|Any CPU.Build.0 = Debug|Any CPU
		{8350A0AB-F0EE-48CF-9CA6-6019467101CF}.Release|Any CPU.ActiveCfg = Release|Any CPU
		{8350A0AB-F0EE-48CF-9CA6-6019467101CF}.Release|Any CPU.Build.0 = Release|Any CPU
		{F3B38753-06B4-4932-84B4-A07692AD802D}.Debug|Any CPU.ActiveCfg = Debug|Any CPU
		{F3B38753-06B4-4932-84B4-A07692AD802D}.Debug|Any CPU.Build.0 = Debug|Any CPU
		{F3B38753-06B4-4932-84B4-A07692AD802D}.Release|Any CPU.ActiveCfg = Release|Any CPU
		{F3B38753-06B4-4932-84B4-A07692AD802D}.Release|Any CPU.Build.0 = Release|Any CPU
		{D24120D4-50A2-44B6-A4EA-6ADAAEBABA84}.Debug|Any CPU.ActiveCfg = Debug|Any CPU
		{D24120D4-50A2-44B6-A4EA-6ADAAEBABA84}.Debug|Any CPU.Build.0 = Debug|Any CPU
		{D24120D4-50A2-44B6-A4EA-6ADAAEBABA84}.Release|Any CPU.ActiveCfg = Release|Any CPU
		{D24120D4-50A2-44B6-A4EA-6ADAAEBABA84}.Release|Any CPU.Build.0 = Release|Any CPU
		{85511282-EF91-4B56-B7DC-9E8706556D6E}.Debug|Any CPU.ActiveCfg = Debug|Any CPU
		{85511282-EF91-4B56-B7DC-9E8706556D6E}.Debug|Any CPU.Build.0 = Debug|Any CPU
		{85511282-EF91-4B56-B7DC-9E8706556D6E}.Release|Any CPU.ActiveCfg = Release|Any CPU
		{85511282-EF91-4B56-B7DC-9E8706556D6E}.Release|Any CPU.Build.0 = Release|Any CPU
		{463A12CE-E221-450D-ADEA-91A599612DFA}.Debug|Any CPU.ActiveCfg = Debug|Any CPU
		{463A12CE-E221-450D-ADEA-91A599612DFA}.Debug|Any CPU.Build.0 = Debug|Any CPU
		{463A12CE-E221-450D-ADEA-91A599612DFA}.Release|Any CPU.ActiveCfg = Release|Any CPU
		{463A12CE-E221-450D-ADEA-91A599612DFA}.Release|Any CPU.Build.0 = Release|Any CPU
	EndGlobalSection
	GlobalSection(SolutionProperties) = preSolution
		HideSolutionNode = FALSE
	EndGlobalSection
	GlobalSection(NestedProjects) = preSolution
		{8350A0AB-F0EE-48CF-9CA6-6019467101CF} = {266B9B94-A4D2-41C2-860C-24A7C3B63B56}
		{F3B38753-06B4-4932-84B4-A07692AD802D} = {266B9B94-A4D2-41C2-860C-24A7C3B63B56}
		{D24120D4-50A2-44B6-A4EA-6ADAAEBABA84} = {266B9B94-A4D2-41C2-860C-24A7C3B63B56}
		{85511282-EF91-4B56-B7DC-9E8706556D6E} = {266B9B94-A4D2-41C2-860C-24A7C3B63B56}
		{463A12CE-E221-450D-ADEA-91A599612DFA} = {266B9B94-A4D2-41C2-860C-24A7C3B63B56}
	EndGlobalSection
	GlobalSection(ExtensibilityGlobals) = postSolution
		SolutionGuid = {B09CC2BF-B2AF-4CB6-8728-5D1D8E5C50FA}
	EndGlobalSection
EndGlobal
