
Microsoft Visual Studio Solution File, Format Version 12.00
# Visual Studio 14
VisualStudioVersion = 14.0.25420.1
MinimumVisualStudioVersion = 10.0.40219.1
Project("{FAE04EC0-301F-11D3-BF4B-00C04F79EFBC}") = "Tapeti", "Tapeti\Tapeti.csproj", "{8AB4FD33-4AAA-465C-8579-9DB3F3B23813}"
EndProject
Project("{FAE04EC0-301F-11D3-BF4B-00C04F79EFBC}") = "Tapeti.SimpleInjector", "Tapeti.SimpleInjector\Tapeti.SimpleInjector.csproj", "{D7EC6F86-EB3B-49C3-8FE7-6E8C1BB413A6}"
EndProject
Project("{FAE04EC0-301F-11D3-BF4B-00C04F79EFBC}") = "Test", "Test\Test.csproj", "{90559950-1B32-4119-A78E-517E2C71EE23}"
EndProject
Project("{FAE04EC0-301F-11D3-BF4B-00C04F79EFBC}") = "Tapeti.Flow", "Tapeti.Flow\Tapeti.Flow.csproj", "{F84AD920-D5A1-455D-AED5-2542B3A47B85}"
EndProject
Project("{FAE04EC0-301F-11D3-BF4B-00C04F79EFBC}") = "Tapeti.Flow.SQL", "Tapeti.Flow.SQL\Tapeti.Flow.SQL.csproj", "{6DE7B122-EB6A-46B8-AEAF-F84DDE18F9C7}"
EndProject
Project("{FAE04EC0-301F-11D3-BF4B-00C04F79EFBC}") = "Tapeti.Annotations", "Tapeti.Annotations\Tapeti.Annotations.csproj", "{C4897D64-D04E-4AE9-BD98-D64295D1D13A}"
EndProject
Project("{FAE04EC0-301F-11D3-BF4B-00C04F79EFBC}") = "Tapeti.Tests", "Tapeti.Tests\Tapeti.Tests.csproj", "{BA6BC046-5E60-410A-AE84-BE1D91561A96}"
EndProject
Project("{FAE04EC0-301F-11D3-BF4B-00C04F79EFBC}") = "Tapeti.DataAnnotations", "Tapeti.DataAnnotations\Tapeti.DataAnnotations.csproj", "{DB1C6E81-4545-4670-A167-46E3265A9743}"
EndProject
Global
	GlobalSection(SolutionConfigurationPlatforms) = preSolution
		Debug|Any CPU = Debug|Any CPU
		Release|Any CPU = Release|Any CPU
	EndGlobalSection
	GlobalSection(ProjectConfigurationPlatforms) = postSolution
		{8AB4FD33-4AAA-465C-8579-9DB3F3B23813}.Debug|Any CPU.ActiveCfg = Debug|Any CPU
		{8AB4FD33-4AAA-465C-8579-9DB3F3B23813}.Debug|Any CPU.Build.0 = Debug|Any CPU
		{8AB4FD33-4AAA-465C-8579-9DB3F3B23813}.Release|Any CPU.ActiveCfg = Release|Any CPU
		{8AB4FD33-4AAA-465C-8579-9DB3F3B23813}.Release|Any CPU.Build.0 = Release|Any CPU
		{D7EC6F86-EB3B-49C3-8FE7-6E8C1BB413A6}.Debug|Any CPU.ActiveCfg = Debug|Any CPU
		{D7EC6F86-EB3B-49C3-8FE7-6E8C1BB413A6}.Debug|Any CPU.Build.0 = Debug|Any CPU
		{D7EC6F86-EB3B-49C3-8FE7-6E8C1BB413A6}.Release|Any CPU.ActiveCfg = Release|Any CPU
		{D7EC6F86-EB3B-49C3-8FE7-6E8C1BB413A6}.Release|Any CPU.Build.0 = Release|Any CPU
		{90559950-1B32-4119-A78E-517E2C71EE23}.Debug|Any CPU.ActiveCfg = Debug|Any CPU
		{90559950-1B32-4119-A78E-517E2C71EE23}.Debug|Any CPU.Build.0 = Debug|Any CPU
		{90559950-1B32-4119-A78E-517E2C71EE23}.Release|Any CPU.ActiveCfg = Release|Any CPU
		{90559950-1B32-4119-A78E-517E2C71EE23}.Release|Any CPU.Build.0 = Release|Any CPU
		{F84AD920-D5A1-455D-AED5-2542B3A47B85}.Debug|Any CPU.ActiveCfg = Debug|Any CPU
		{F84AD920-D5A1-455D-AED5-2542B3A47B85}.Debug|Any CPU.Build.0 = Debug|Any CPU
		{F84AD920-D5A1-455D-AED5-2542B3A47B85}.Release|Any CPU.ActiveCfg = Release|Any CPU
		{F84AD920-D5A1-455D-AED5-2542B3A47B85}.Release|Any CPU.Build.0 = Release|Any CPU
		{6DE7B122-EB6A-46B8-AEAF-F84DDE18F9C7}.Debug|Any CPU.ActiveCfg = Debug|Any CPU
		{6DE7B122-EB6A-46B8-AEAF-F84DDE18F9C7}.Debug|Any CPU.Build.0 = Debug|Any CPU
		{6DE7B122-EB6A-46B8-AEAF-F84DDE18F9C7}.Release|Any CPU.ActiveCfg = Release|Any CPU
		{6DE7B122-EB6A-46B8-AEAF-F84DDE18F9C7}.Release|Any CPU.Build.0 = Release|Any CPU
		{C4897D64-D04E-4AE9-BD98-D64295D1D13A}.Debug|Any CPU.ActiveCfg = Debug|Any CPU
		{C4897D64-D04E-4AE9-BD98-D64295D1D13A}.Debug|Any CPU.Build.0 = Debug|Any CPU
		{C4897D64-D04E-4AE9-BD98-D64295D1D13A}.Release|Any CPU.ActiveCfg = Release|Any CPU
		{C4897D64-D04E-4AE9-BD98-D64295D1D13A}.Release|Any CPU.Build.0 = Release|Any CPU
		{BA6BC046-5E60-410A-AE84-BE1D91561A96}.Debug|Any CPU.ActiveCfg = Debug|Any CPU
		{BA6BC046-5E60-410A-AE84-BE1D91561A96}.Debug|Any CPU.Build.0 = Debug|Any CPU
		{BA6BC046-5E60-410A-AE84-BE1D91561A96}.Release|Any CPU.ActiveCfg = Release|Any CPU
		{BA6BC046-5E60-410A-AE84-BE1D91561A96}.Release|Any CPU.Build.0 = Release|Any CPU
		{DB1C6E81-4545-4670-A167-46E3265A9743}.Debug|Any CPU.ActiveCfg = Debug|Any CPU
		{DB1C6E81-4545-4670-A167-46E3265A9743}.Debug|Any CPU.Build.0 = Debug|Any CPU
		{DB1C6E81-4545-4670-A167-46E3265A9743}.Release|Any CPU.ActiveCfg = Release|Any CPU
		{DB1C6E81-4545-4670-A167-46E3265A9743}.Release|Any CPU.Build.0 = Release|Any CPU
	EndGlobalSection
	GlobalSection(SolutionProperties) = preSolution
		HideSolutionNode = FALSE
	EndGlobalSection
EndGlobal
