
Microsoft Visual Studio Solution File, Format Version 12.00
# Visual Studio 15
VisualStudioVersion = 15.0.27703.2026
MinimumVisualStudioVersion = 10.0.40219.1
Project("{9A19103F-16F7-4668-BE54-9A1E7A4F7556}") = "Tapeti.Annotations", "Tapeti.Annotations\Tapeti.Annotations.csproj", "{4B742AB2-59DD-4792-8E0F-D80B5366B844}"
EndProject
Project("{9A19103F-16F7-4668-BE54-9A1E7A4F7556}") = "Tapeti", "Tapeti\Tapeti.csproj", "{2952B141-C54D-4E6F-8108-CAD735B0279F}"
EndProject
Project("{9A19103F-16F7-4668-BE54-9A1E7A4F7556}") = "Tapeti.DataAnnotations", "Tapeti.DataAnnotations\Tapeti.DataAnnotations.csproj", "{6504D430-AB4A-4DE3-AE76-0384591BEEE7}"
EndProject
Project("{9A19103F-16F7-4668-BE54-9A1E7A4F7556}") = "Tapeti.Flow", "Tapeti.Flow\Tapeti.Flow.csproj", "{14CF8F01-570B-4B84-AB4A-E0C3EC117F89}"
EndProject
Project("{9A19103F-16F7-4668-BE54-9A1E7A4F7556}") = "Tapeti.Flow.SQL", "Tapeti.Flow.SQL\Tapeti.Flow.SQL.csproj", "{775CAB72-F443-442E-8E10-313B2548EDF8}"
EndProject
Project("{9A19103F-16F7-4668-BE54-9A1E7A4F7556}") = "Tapeti.SimpleInjector", "Tapeti.SimpleInjector\Tapeti.SimpleInjector.csproj", "{A190C736-E95A-4BDA-AA80-6211226DFCAD}"
EndProject
Project("{9A19103F-16F7-4668-BE54-9A1E7A4F7556}") = "Test", "Test\Test.csproj", "{1A4B7136-B7DF-41EA-BEA2-E87B4607D420}"
EndProject
Project("{FAE04EC0-301F-11D3-BF4B-00C04F79EFBC}") = "Tapeti.Tests", "Tapeti.Tests\Tapeti.Tests.csproj", "{334F3715-63CF-4D13-B09A-38E2A616D4F5}"
EndProject
Global
	GlobalSection(SolutionConfigurationPlatforms) = preSolution
		Debug|Any CPU = Debug|Any CPU
		Release|Any CPU = Release|Any CPU
	EndGlobalSection
	GlobalSection(ProjectConfigurationPlatforms) = postSolution
		{4B742AB2-59DD-4792-8E0F-D80B5366B844}.Debug|Any CPU.ActiveCfg = Debug|Any CPU
		{4B742AB2-59DD-4792-8E0F-D80B5366B844}.Debug|Any CPU.Build.0 = Debug|Any CPU
		{4B742AB2-59DD-4792-8E0F-D80B5366B844}.Release|Any CPU.ActiveCfg = Release|Any CPU
		{4B742AB2-59DD-4792-8E0F-D80B5366B844}.Release|Any CPU.Build.0 = Release|Any CPU
		{2952B141-C54D-4E6F-8108-CAD735B0279F}.Debug|Any CPU.ActiveCfg = Debug|Any CPU
		{2952B141-C54D-4E6F-8108-CAD735B0279F}.Debug|Any CPU.Build.0 = Debug|Any CPU
		{2952B141-C54D-4E6F-8108-CAD735B0279F}.Release|Any CPU.ActiveCfg = Release|Any CPU
		{2952B141-C54D-4E6F-8108-CAD735B0279F}.Release|Any CPU.Build.0 = Release|Any CPU
		{6504D430-AB4A-4DE3-AE76-0384591BEEE7}.Debug|Any CPU.ActiveCfg = Debug|Any CPU
		{6504D430-AB4A-4DE3-AE76-0384591BEEE7}.Debug|Any CPU.Build.0 = Debug|Any CPU
		{6504D430-AB4A-4DE3-AE76-0384591BEEE7}.Release|Any CPU.ActiveCfg = Release|Any CPU
		{6504D430-AB4A-4DE3-AE76-0384591BEEE7}.Release|Any CPU.Build.0 = Release|Any CPU
		{14CF8F01-570B-4B84-AB4A-E0C3EC117F89}.Debug|Any CPU.ActiveCfg = Debug|Any CPU
		{14CF8F01-570B-4B84-AB4A-E0C3EC117F89}.Debug|Any CPU.Build.0 = Debug|Any CPU
		{14CF8F01-570B-4B84-AB4A-E0C3EC117F89}.Release|Any CPU.ActiveCfg = Release|Any CPU
		{14CF8F01-570B-4B84-AB4A-E0C3EC117F89}.Release|Any CPU.Build.0 = Release|Any CPU
		{775CAB72-F443-442E-8E10-313B2548EDF8}.Debug|Any CPU.ActiveCfg = Debug|Any CPU
		{775CAB72-F443-442E-8E10-313B2548EDF8}.Debug|Any CPU.Build.0 = Debug|Any CPU
		{775CAB72-F443-442E-8E10-313B2548EDF8}.Release|Any CPU.ActiveCfg = Release|Any CPU
		{775CAB72-F443-442E-8E10-313B2548EDF8}.Release|Any CPU.Build.0 = Release|Any CPU
		{A190C736-E95A-4BDA-AA80-6211226DFCAD}.Debug|Any CPU.ActiveCfg = Debug|Any CPU
		{A190C736-E95A-4BDA-AA80-6211226DFCAD}.Debug|Any CPU.Build.0 = Debug|Any CPU
		{A190C736-E95A-4BDA-AA80-6211226DFCAD}.Release|Any CPU.ActiveCfg = Release|Any CPU
		{A190C736-E95A-4BDA-AA80-6211226DFCAD}.Release|Any CPU.Build.0 = Release|Any CPU
		{1A4B7136-B7DF-41EA-BEA2-E87B4607D420}.Debug|Any CPU.ActiveCfg = Debug|Any CPU
		{1A4B7136-B7DF-41EA-BEA2-E87B4607D420}.Debug|Any CPU.Build.0 = Debug|Any CPU
		{1A4B7136-B7DF-41EA-BEA2-E87B4607D420}.Release|Any CPU.ActiveCfg = Release|Any CPU
		{1A4B7136-B7DF-41EA-BEA2-E87B4607D420}.Release|Any CPU.Build.0 = Release|Any CPU
		{334F3715-63CF-4D13-B09A-38E2A616D4F5}.Debug|Any CPU.ActiveCfg = Debug|Any CPU
		{334F3715-63CF-4D13-B09A-38E2A616D4F5}.Debug|Any CPU.Build.0 = Debug|Any CPU
		{334F3715-63CF-4D13-B09A-38E2A616D4F5}.Release|Any CPU.ActiveCfg = Release|Any CPU
		{334F3715-63CF-4D13-B09A-38E2A616D4F5}.Release|Any CPU.Build.0 = Release|Any CPU
	EndGlobalSection
	GlobalSection(SolutionProperties) = preSolution
		HideSolutionNode = FALSE
	EndGlobalSection
	GlobalSection(ExtensibilityGlobals) = postSolution
		SolutionGuid = {B09CC2BF-B2AF-4CB6-8728-5D1D8E5C50FA}
	EndGlobalSection
EndGlobal
